
Microsoft Visual Studio Solution File, Format Version 12.00
# Visual Studio Version 17
VisualStudioVersion = 17.6.33815.320
MinimumVisualStudioVersion = 10.0.40219.1
Project("{9A19103F-16F7-4668-BE54-9A1E7A4F7556}") = "MSUpdateAPI", "MSUpdateAPI\MSUpdateAPI.csproj", "{DA6393AA-A935-4966-AB00-B27F39127411}"
EndProject
Project("{9A19103F-16F7-4668-BE54-9A1E7A4F7556}") = "microsoft-update-partition", "microsoft-update-partition\microsoft-update-partition.csproj", "{86E30023-704B-45EE-A904-762F8FE2F0E8}"
EndProject
Project("{9A19103F-16F7-4668-BE54-9A1E7A4F7556}") = "microsoft-update-upstream-source", "microsoft-update-upstream-package-source\microsoft-update-upstream-source.csproj", "{7F7028EB-4AFA-4344-8B21-016C74919A90}"
EndProject
Project("{9A19103F-16F7-4668-BE54-9A1E7A4F7556}") = "microsoft-update-webservices", "microsoft-update-webservices\microsoft-update-webservices.csproj", "{F1EE4890-6C8F-4E23-A2E7-FED5CA115466}"
EndProject
Project("{FAE04EC0-301F-11D3-BF4B-00C04F79EFBC}") = "UpdateProcessor", "UpdateProcessor\UpdateProcessor.csproj", "{7DC4CB75-EB38-487E-838A-0461017FCCB0}"
EndProject
Project("{FAE04EC0-301F-11D3-BF4B-00C04F79EFBC}") = "UpdateLib", "UpdateLib\UpdateLib.csproj", "{2F85B908-8F8C-4564-A87D-4427A4A272D5}"
EndProject
Global
	GlobalSection(SolutionConfigurationPlatforms) = preSolution
		Debug|Any CPU = Debug|Any CPU
		Release|Any CPU = Release|Any CPU
	EndGlobalSection
	GlobalSection(ProjectConfigurationPlatforms) = postSolution
		{DA6393AA-A935-4966-AB00-B27F39127411}.Debug|Any CPU.ActiveCfg = Debug|Any CPU
		{DA6393AA-A935-4966-AB00-B27F39127411}.Debug|Any CPU.Build.0 = Debug|Any CPU
		{DA6393AA-A935-4966-AB00-B27F39127411}.Release|Any CPU.ActiveCfg = Release|Any CPU
		{DA6393AA-A935-4966-AB00-B27F39127411}.Release|Any CPU.Build.0 = Release|Any CPU
		{86E30023-704B-45EE-A904-762F8FE2F0E8}.Debug|Any CPU.ActiveCfg = Debug|Any CPU
		{86E30023-704B-45EE-A904-762F8FE2F0E8}.Debug|Any CPU.Build.0 = Debug|Any CPU
		{86E30023-704B-45EE-A904-762F8FE2F0E8}.Release|Any CPU.ActiveCfg = Release|Any CPU
		{86E30023-704B-45EE-A904-762F8FE2F0E8}.Release|Any CPU.Build.0 = Release|Any CPU
		{7F7028EB-4AFA-4344-8B21-016C74919A90}.Debug|Any CPU.ActiveCfg = Debug|Any CPU
		{7F7028EB-4AFA-4344-8B21-016C74919A90}.Debug|Any CPU.Build.0 = Debug|Any CPU
		{7F7028EB-4AFA-4344-8B21-016C74919A90}.Release|Any CPU.ActiveCfg = Release|Any CPU
		{7F7028EB-4AFA-4344-8B21-016C74919A90}.Release|Any CPU.Build.0 = Release|Any CPU
		{F1EE4890-6C8F-4E23-A2E7-FED5CA115466}.Debug|Any CPU.ActiveCfg = Debug|Any CPU
		{F1EE4890-6C8F-4E23-A2E7-FED5CA115466}.Debug|Any CPU.Build.0 = Debug|Any CPU
		{F1EE4890-6C8F-4E23-A2E7-FED5CA115466}.Release|Any CPU.ActiveCfg = Release|Any CPU
		{F1EE4890-6C8F-4E23-A2E7-FED5CA115466}.Release|Any CPU.Build.0 = Release|Any CPU
		{7DC4CB75-EB38-487E-838A-0461017FCCB0}.Debug|Any CPU.ActiveCfg = Debug|Any CPU
		{7DC4CB75-EB38-487E-838A-0461017FCCB0}.Debug|Any CPU.Build.0 = Debug|Any CPU
		{7DC4CB75-EB38-487E-838A-0461017FCCB0}.Release|Any CPU.ActiveCfg = Release|Any CPU
		{7DC4CB75-EB38-487E-838A-0461017FCCB0}.Release|Any CPU.Build.0 = Release|Any CPU
		{2F85B908-8F8C-4564-A87D-4427A4A272D5}.Debug|Any CPU.ActiveCfg = Debug|Any CPU
		{2F85B908-8F8C-4564-A87D-4427A4A272D5}.Debug|Any CPU.Build.0 = Debug|Any CPU
		{2F85B908-8F8C-4564-A87D-4427A4A272D5}.Release|Any CPU.ActiveCfg = Release|Any CPU
		{2F85B908-8F8C-4564-A87D-4427A4A272D5}.Release|Any CPU.Build.0 = Release|Any CPU
	EndGlobalSection
	GlobalSection(SolutionProperties) = preSolution
		HideSolutionNode = FALSE
	EndGlobalSection
	GlobalSection(ExtensibilityGlobals) = postSolution
		SolutionGuid = {DFFC5158-F1D5-46AF-A1C0-F518025711E5}
	EndGlobalSection
EndGlobal
